// !$*UTF8*$!
{
	archiveVersion = 1;
	classes = {
	};
	objectVersion = 77;
	objects = {

/* Begin PBXBuildFile section */
		A6594B342E2E427800229A73 /* OneSignalNotificationServiceExtension.appex in Embed Foundation Extensions */ = {isa = PBXBuildFile; fileRef = A6594B2D2E2E427800229A73 /* OneSignalNotificationServiceExtension.appex */; settings = {ATTRIBUTES = (RemoveHeadersOnCopy, ); }; };
		A6594B3E2E2E428900229A73 /* NotificationService.swift in Sources */ = {isa = PBXBuildFile; fileRef = A6594B3B2E2E428900229A73 /* NotificationService.swift */; };
		A6594B412E2E42AA00229A73 /* OneSignalExtension in Frameworks */ = {isa = PBXBuildFile; productRef = A6594B402E2E42AA00229A73 /* OneSignalExtension */; };
		A6594B432E2E42AA00229A73 /* OneSignalFramework in Frameworks */ = {isa = PBXBuildFile; productRef = A6594B422E2E42AA00229A73 /* OneSignalFramework */; };
		A6594B452E2E42AA00229A73 /* OneSignalInAppMessages in Frameworks */ = {isa = PBXBuildFile; productRef = A6594B442E2E42AA00229A73 /* OneSignalInAppMessages */; };
		A6594B482E2E42C200229A73 /* AppMetricaAdSupport in Frameworks */ = {isa = PBXBuildFile; productRef = A6594B472E2E42C200229A73 /* AppMetricaAdSupport */; };
		A6594B4A2E2E42C300229A73 /* AppMetricaCore in Frameworks */ = {isa = PBXBuildFile; productRef = A6594B492E2E42C300229A73 /* AppMetricaCore */; };
		A6594B4C2E2E42C300229A73 /* AppMetricaCrashes in Frameworks */ = {isa = PBXBuildFile; productRef = A6594B4B2E2E42C300229A73 /* AppMetricaCrashes */; };
		A6594B4E2E2E42C300229A73 /* AppMetricaLibraryAdapter in Frameworks */ = {isa = PBXBuildFile; productRef = A6594B4D2E2E42C300229A73 /* AppMetricaLibraryAdapter */; };
		A6594B502E2E42C300229A73 /* AppMetricaScreenshot in Frameworks */ = {isa = PBXBuildFile; productRef = A6594B4F2E2E42C300229A73 /* AppMetricaScreenshot */; };
		D2827D8824C3D1D4E2DD85C9 /* Pods_EmojiMaze.framework in Frameworks */ = {isa = PBXBuildFile; fileRef = 78BE9566B70AA4607008ED4F /* Pods_EmojiMaze.framework */; };
/* End PBXBuildFile section */

/* Begin PBXContainerItemProxy section */
		A6594B322E2E427800229A73 /* PBXContainerItemProxy */ = {
			isa = PBXContainerItemProxy;
			containerPortal = A6594A1B2E2E391000229A73 /* Project object */;
			proxyType = 1;
			remoteGlobalIDString = A6594B2C2E2E427800229A73;
			remoteInfo = OneSignalNotificationServiceExtension;
		};
/* End PBXContainerItemProxy section */

/* Begin PBXCopyFilesBuildPhase section */
		A6594B392E2E427800229A73 /* Embed Foundation Extensions */ = {
			isa = PBXCopyFilesBuildPhase;
			buildActionMask = 2147483647;
			dstPath = "";
			dstSubfolderSpec = 13;
			files = (
				A6594B342E2E427800229A73 /* OneSignalNotificationServiceExtension.appex in Embed Foundation Extensions */,
			);
			name = "Embed Foundation Extensions";
			runOnlyForDeploymentPostprocessing = 0;
		};
/* End PBXCopyFilesBuildPhase section */

/* Begin PBXFileReference section */
		78BE9566B70AA4607008ED4F /* Pods_EmojiMaze.framework */ = {isa = PBXFileReference; explicitFileType = wrapper.framework; includeInIndex = 0; path = Pods_EmojiMaze.framework; sourceTree = BUILT_PRODUCTS_DIR; };
		A6594A232E2E391000229A73 /* EmojiMaze.app */ = {isa = PBXFileReference; explicitFileType = wrapper.application; includeInIndex = 0; path = EmojiMaze.app; sourceTree = BUILT_PRODUCTS_DIR; };
		A6594B2D2E2E427800229A73 /* OneSignalNotificationServiceExtension.appex */ = {isa = PBXFileReference; explicitFileType = "wrapper.app-extension"; includeInIndex = 0; path = OneSignalNotificationServiceExtension.appex; sourceTree = BUILT_PRODUCTS_DIR; };
		A6594B3A2E2E428900229A73 /* Info.plist */ = {isa = PBXFileReference; lastKnownFileType = text.plist.xml; path = Info.plist; sourceTree = "<group>"; };
		A6594B3B2E2E428900229A73 /* NotificationService.swift */ = {isa = PBXFileReference; lastKnownFileType = sourcecode.swift; path = NotificationService.swift; sourceTree = "<group>"; };
		F0476F007595CCC5649A319C /* Pods-EmojiMaze.debug.xcconfig */ = {isa = PBXFileReference; includeInIndex = 1; lastKnownFileType = text.xcconfig; name = "Pods-EmojiMaze.debug.xcconfig"; path = "Target Support Files/Pods-EmojiMaze/Pods-EmojiMaze.debug.xcconfig"; sourceTree = "<group>"; };
		FC537DCE1F5B9B44D87F4A96 /* Pods-EmojiMaze.release.xcconfig */ = {isa = PBXFileReference; includeInIndex = 1; lastKnownFileType = text.xcconfig; name = "Pods-EmojiMaze.release.xcconfig"; path = "Target Support Files/Pods-EmojiMaze/Pods-EmojiMaze.release.xcconfig"; sourceTree = "<group>"; };
/* End PBXFileReference section */

/* Begin PBXFileSystemSynchronizedBuildFileExceptionSet section */
		A6594B272E2E426300229A73 /* Exceptions for "EmojiMaze" folder in "EmojiMaze" target */ = {
			isa = PBXFileSystemSynchronizedBuildFileExceptionSet;
			membershipExceptions = (
				Info.plist,
			);
			target = A6594A222E2E391000229A73 /* EmojiMaze */;
		};
/* End PBXFileSystemSynchronizedBuildFileExceptionSet section */

/* Begin PBXFileSystemSynchronizedRootGroup section */
		A6594A252E2E391000229A73 /* EmojiMaze */ = {
			isa = PBXFileSystemSynchronizedRootGroup;
			exceptions = (
				A6594B272E2E426300229A73 /* Exceptions for "EmojiMaze" folder in "EmojiMaze" target */,
			);
			path = EmojiMaze;
			sourceTree = "<group>";
		};
/* End PBXFileSystemSynchronizedRootGroup section */

/* Begin PBXFrameworksBuildPhase section */
		A6594A202E2E391000229A73 /* Frameworks */ = {
			isa = PBXFrameworksBuildPhase;
			buildActionMask = 2147483647;
			files = (
				A6594B502E2E42C300229A73 /* AppMetricaScreenshot in Frameworks */,
				A6594B4C2E2E42C300229A73 /* AppMetricaCrashes in Frameworks */,
				A6594B4E2E2E42C300229A73 /* AppMetricaLibraryAdapter in Frameworks */,
				A6594B452E2E42AA00229A73 /* OneSignalInAppMessages in Frameworks */,
				A6594B432E2E42AA00229A73 /* OneSignalFramework in Frameworks */,
				A6594B4A2E2E42C300229A73 /* AppMetricaCore in Frameworks */,
				D2827D8824C3D1D4E2DD85C9 /* Pods_EmojiMaze.framework in Frameworks */,
				A6594B482E2E42C200229A73 /* AppMetricaAdSupport in Frameworks */,
			);
			runOnlyForDeploymentPostprocessing = 0;
		};
		A6594B2A2E2E427800229A73 /* Frameworks */ = {
			isa = PBXFrameworksBuildPhase;
			buildActionMask = 2147483647;
			files = (
				A6594B412E2E42AA00229A73 /* OneSignalExtension in Frameworks */,
			);
			runOnlyForDeploymentPostprocessing = 0;
		};
/* End PBXFrameworksBuildPhase section */

/* Begin PBXGroup section */
		1322EC327B46F1B6F94B8767 /* Pods */ = {
			isa = PBXGroup;
			children = (
				F0476F007595CCC5649A319C /* Pods-EmojiMaze.debug.xcconfig */,
				FC537DCE1F5B9B44D87F4A96 /* Pods-EmojiMaze.release.xcconfig */,
			);
			path = Pods;
			sourceTree = "<group>";
		};
		3AD262C330E8863FB0922E01 /* Frameworks */ = {
			isa = PBXGroup;
			children = (
				78BE9566B70AA4607008ED4F /* Pods_EmojiMaze.framework */,
			);
			name = Frameworks;
			sourceTree = "<group>";
		};
		A6594A1A2E2E391000229A73 = {
			isa = PBXGroup;
			children = (
				A6594A252E2E391000229A73 /* EmojiMaze */,
				A6594B3C2E2E428900229A73 /* OneSignalNotificationServiceExtension */,
				A6594A242E2E391000229A73 /* Products */,
				1322EC327B46F1B6F94B8767 /* Pods */,
				3AD262C330E8863FB0922E01 /* Frameworks */,
			);
			sourceTree = "<group>";
		};
		A6594A242E2E391000229A73 /* Products */ = {
			isa = PBXGroup;
			children = (
				A6594A232E2E391000229A73 /* EmojiMaze.app */,
				A6594B2D2E2E427800229A73 /* OneSignalNotificationServiceExtension.appex */,
			);
			name = Products;
			sourceTree = "<group>";
		};
		A6594B3C2E2E428900229A73 /* OneSignalNotificationServiceExtension */ = {
			isa = PBXGroup;
			children = (
				A6594B3A2E2E428900229A73 /* Info.plist */,
				A6594B3B2E2E428900229A73 /* NotificationService.swift */,
			);
			path = OneSignalNotificationServiceExtension;
			sourceTree = "<group>";
		};
/* End PBXGroup section */

/* Begin PBXNativeTarget section */
		A6594A222E2E391000229A73 /* EmojiMaze */ = {
			isa = PBXNativeTarget;
			buildConfigurationList = A6594A2E2E2E391200229A73 /* Build configuration list for PBXNativeTarget "EmojiMaze" */;
			buildPhases = (
				7215876748B4F100E88AF29B /* [CP] Check Pods Manifest.lock */,
				A6594A1F2E2E391000229A73 /* Sources */,
				A6594A202E2E391000229A73 /* Frameworks */,
				A6594A212E2E391000229A73 /* Resources */,
				A6594B392E2E427800229A73 /* Embed Foundation Extensions */,
			);
			buildRules = (
			);
			dependencies = (
				A6594B332E2E427800229A73 /* PBXTargetDependency */,
			);
			fileSystemSynchronizedGroups = (
				A6594A252E2E391000229A73 /* EmojiMaze */,
			);
			name = EmojiMaze;
			productName = EmojiMaze;
			productReference = A6594A232E2E391000229A73 /* EmojiMaze.app */;
			productType = "com.apple.product-type.application";
		};
		A6594B2C2E2E427800229A73 /* OneSignalNotificationServiceExtension */ = {
			isa = PBXNativeTarget;
			buildConfigurationList = A6594B352E2E427800229A73 /* Build configuration list for PBXNativeTarget "OneSignalNotificationServiceExtension" */;
			buildPhases = (
				A6594B292E2E427800229A73 /* Sources */,
				A6594B2A2E2E427800229A73 /* Frameworks */,
				A6594B2B2E2E427800229A73 /* Resources */,
			);
			buildRules = (
			);
			dependencies = (
			);
			name = OneSignalNotificationServiceExtension;
			packageProductDependencies = (
				A6594B402E2E42AA00229A73 /* OneSignalExtension */,
			);
			productName = OneSignalNotificationServiceExtension;
			productReference = A6594B2D2E2E427800229A73 /* OneSignalNotificationServiceExtension.appex */;
			productType = "com.apple.product-type.app-extension";
		};
/* End PBXNativeTarget section */

/* Begin PBXProject section */
		A6594A1B2E2E391000229A73 /* Project object */ = {
			isa = PBXProject;
			attributes = {
				BuildIndependentTargetsInParallel = 1;
				LastSwiftUpdateCheck = 1640;
				LastUpgradeCheck = 1640;
				TargetAttributes = {
					A6594A222E2E391000229A73 = {
						CreatedOnToolsVersion = 16.4;
					};
					A6594B2C2E2E427800229A73 = {
						CreatedOnToolsVersion = 16.4;
					};
				};
			};
			buildConfigurationList = A6594A1E2E2E391000229A73 /* Build configuration list for PBXProject "EmojiMaze" */;
			developmentRegion = en;
			hasScannedForEncodings = 0;
			knownRegions = (
				en,
				Base,
			);
			mainGroup = A6594A1A2E2E391000229A73;
			minimizedProjectReferenceProxies = 1;
			packageReferences = (
				A6594B3F2E2E42AA00229A73 /* XCRemoteSwiftPackageReference "OneSignal-iOS-SDK" */,
				A6594B462E2E42C200229A73 /* XCRemoteSwiftPackageReference "appmetrica-sdk-ios" */,
			);
			preferredProjectObjectVersion = 77;
			productRefGroup = A6594A242E2E391000229A73 /* Products */;
			projectDirPath = "";
			projectRoot = "";
			targets = (
				A6594A222E2E391000229A73 /* EmojiMaze */,
				A6594B2C2E2E427800229A73 /* OneSignalNotificationServiceExtension */,
			);
		};
/* End PBXProject section */

/* Begin PBXResourcesBuildPhase section */
		A6594A212E2E391000229A73 /* Resources */ = {
			isa = PBXResourcesBuildPhase;
			buildActionMask = 2147483647;
			files = (
			);
			runOnlyForDeploymentPostprocessing = 0;
		};
		A6594B2B2E2E427800229A73 /* Resources */ = {
			isa = PBXResourcesBuildPhase;
			buildActionMask = 2147483647;
			files = (
			);
			runOnlyForDeploymentPostprocessing = 0;
		};
/* End PBXResourcesBuildPhase section */

/* Begin PBXShellScriptBuildPhase section */
		7215876748B4F100E88AF29B /* [CP] Check Pods Manifest.lock */ = {
			isa = PBXShellScriptBuildPhase;
			buildActionMask = 2147483647;
			files = (
			);
			inputFileListPaths = (
			);
			inputPaths = (
				"${PODS_PODFILE_DIR_PATH}/Podfile.lock",
				"${PODS_ROOT}/Manifest.lock",
			);
			name = "[CP] Check Pods Manifest.lock";
			outputFileListPaths = (
			);
			outputPaths = (
				"$(DERIVED_FILE_DIR)/Pods-EmojiMaze-checkManifestLockResult.txt",
			);
			runOnlyForDeploymentPostprocessing = 0;
			shellPath = /bin/sh;
			shellScript = "diff \"${PODS_PODFILE_DIR_PATH}/Podfile.lock\" \"${PODS_ROOT}/Manifest.lock\" > /dev/null\nif [ $? != 0 ] ; then\n    # print error to STDERR\n    echo \"error: The sandbox is not in sync with the Podfile.lock. Run 'pod install' or update your CocoaPods installation.\" >&2\n    exit 1\nfi\n# This output is used by Xcode 'outputs' to avoid re-running this script phase.\necho \"SUCCESS\" > \"${SCRIPT_OUTPUT_FILE_0}\"\n";
			showEnvVarsInLog = 0;
		};
/* End PBXShellScriptBuildPhase section */

/* Begin PBXSourcesBuildPhase section */
		A6594A1F2E2E391000229A73 /* Sources */ = {
			isa = PBXSourcesBuildPhase;
			buildActionMask = 2147483647;
			files = (
			);
			runOnlyForDeploymentPostprocessing = 0;
		};
		A6594B292E2E427800229A73 /* Sources */ = {
			isa = PBXSourcesBuildPhase;
			buildActionMask = 2147483647;
			files = (
				A6594B3E2E2E428900229A73 /* NotificationService.swift in Sources */,
			);
			runOnlyForDeploymentPostprocessing = 0;
		};
/* End PBXSourcesBuildPhase section */

/* Begin PBXTargetDependency section */
		A6594B332E2E427800229A73 /* PBXTargetDependency */ = {
			isa = PBXTargetDependency;
			target = A6594B2C2E2E427800229A73 /* OneSignalNotificationServiceExtension */;
			targetProxy = A6594B322E2E427800229A73 /* PBXContainerItemProxy */;
		};
/* End PBXTargetDependency section */

/* Begin XCBuildConfiguration section */
		A6594A2C2E2E391200229A73 /* Debug */ = {
			isa = XCBuildConfiguration;
			buildSettings = {
				ALWAYS_SEARCH_USER_PATHS = NO;
				ASSETCATALOG_COMPILER_GENERATE_SWIFT_ASSET_SYMBOL_EXTENSIONS = YES;
				CLANG_ANALYZER_NONNULL = YES;
				CLANG_ANALYZER_NUMBER_OBJECT_CONVERSION = YES_AGGRESSIVE;
				CLANG_CXX_LANGUAGE_STANDARD = "gnu++20";
				CLANG_ENABLE_MODULES = YES;
				CLANG_ENABLE_OBJC_ARC = YES;
				CLANG_ENABLE_OBJC_WEAK = YES;
				CLANG_WARN_BLOCK_CAPTURE_AUTORELEASING = YES;
				CLANG_WARN_BOOL_CONVERSION = YES;
				CLANG_WARN_COMMA = YES;
				CLANG_WARN_CONSTANT_CONVERSION = YES;
				CLANG_WARN_DEPRECATED_OBJC_IMPLEMENTATIONS = YES;
				CLANG_WARN_DIRECT_OBJC_ISA_USAGE = YES_ERROR;
				CLANG_WARN_DOCUMENTATION_COMMENTS = YES;
				CLANG_WARN_EMPTY_BODY = YES;
				CLANG_WARN_ENUM_CONVERSION = YES;
				CLANG_WARN_INFINITE_RECURSION = YES;
				CLANG_WARN_INT_CONVERSION = YES;
				CLANG_WARN_NON_LITERAL_NULL_CONVERSION = YES;
				CLANG_WARN_OBJC_IMPLICIT_RETAIN_SELF = YES;
				CLANG_WARN_OBJC_LITERAL_CONVERSION = YES;
				CLANG_WARN_OBJC_ROOT_CLASS = YES_ERROR;
				CLANG_WARN_QUOTED_INCLUDE_IN_FRAMEWORK_HEADER = YES;
				CLANG_WARN_RANGE_LOOP_ANALYSIS = YES;
				CLANG_WARN_STRICT_PROTOTYPES = YES;
				CLANG_WARN_SUSPICIOUS_MOVE = YES;
				CLANG_WARN_UNGUARDED_AVAILABILITY = YES_AGGRESSIVE;
				CLANG_WARN_UNREACHABLE_CODE = YES;
				CLANG_WARN__DUPLICATE_METHOD_MATCH = YES;
				COPY_PHASE_STRIP = NO;
				DEBUG_INFORMATION_FORMAT = dwarf;
				DEVELOPMENT_TEAM = 2H9WQTH3XU;
				ENABLE_STRICT_OBJC_MSGSEND = YES;
				ENABLE_TESTABILITY = YES;
				ENABLE_USER_SCRIPT_SANDBOXING = YES;
				GCC_C_LANGUAGE_STANDARD = gnu17;
				GCC_DYNAMIC_NO_PIC = NO;
				GCC_NO_COMMON_BLOCKS = YES;
				GCC_OPTIMIZATION_LEVEL = 0;
				GCC_PREPROCESSOR_DEFINITIONS = (
					"DEBUG=1",
					"$(inherited)",
				);
				GCC_WARN_64_TO_32_BIT_CONVERSION = YES;
				GCC_WARN_ABOUT_RETURN_TYPE = YES_ERROR;
				GCC_WARN_UNDECLARED_SELECTOR = YES;
				GCC_WARN_UNINITIALIZED_AUTOS = YES_AGGRESSIVE;
				GCC_WARN_UNUSED_FUNCTION = YES;
				GCC_WARN_UNUSED_VARIABLE = YES;
				IPHONEOS_DEPLOYMENT_TARGET = 18.5;
				LOCALIZATION_PREFERS_STRING_CATALOGS = YES;
				MTL_ENABLE_DEBUG_INFO = INCLUDE_SOURCE;
				MTL_FAST_MATH = YES;
				ONLY_ACTIVE_ARCH = YES;
				SDKROOT = iphoneos;
				SWIFT_ACTIVE_COMPILATION_CONDITIONS = "DEBUG $(inherited)";
				SWIFT_OPTIMIZATION_LEVEL = "-Onone";
			};
			name = Debug;
		};
		A6594A2D2E2E391200229A73 /* Release */ = {
			isa = XCBuildConfiguration;
			buildSettings = {
				ALWAYS_SEARCH_USER_PATHS = NO;
				ASSETCATALOG_COMPILER_GENERATE_SWIFT_ASSET_SYMBOL_EXTENSIONS = YES;
				CLANG_ANALYZER_NONNULL = YES;
				CLANG_ANALYZER_NUMBER_OBJECT_CONVERSION = YES_AGGRESSIVE;
				CLANG_CXX_LANGUAGE_STANDARD = "gnu++20";
				CLANG_ENABLE_MODULES = YES;
				CLANG_ENABLE_OBJC_ARC = YES;
				CLANG_ENABLE_OBJC_WEAK = YES;
				CLANG_WARN_BLOCK_CAPTURE_AUTORELEASING = YES;
				CLANG_WARN_BOOL_CONVERSION = YES;
				CLANG_WARN_COMMA = YES;
				CLANG_WARN_CONSTANT_CONVERSION = YES;
				CLANG_WARN_DEPRECATED_OBJC_IMPLEMENTATIONS = YES;
				CLANG_WARN_DIRECT_OBJC_ISA_USAGE = YES_ERROR;
				CLANG_WARN_DOCUMENTATION_COMMENTS = YES;
				CLANG_WARN_EMPTY_BODY = YES;
				CLANG_WARN_ENUM_CONVERSION = YES;
				CLANG_WARN_INFINITE_RECURSION = YES;
				CLANG_WARN_INT_CONVERSION = YES;
				CLANG_WARN_NON_LITERAL_NULL_CONVERSION = YES;
				CLANG_WARN_OBJC_IMPLICIT_RETAIN_SELF = YES;
				CLANG_WARN_OBJC_LITERAL_CONVERSION = YES;
				CLANG_WARN_OBJC_ROOT_CLASS = YES_ERROR;
				CLANG_WARN_QUOTED_INCLUDE_IN_FRAMEWORK_HEADER = YES;
				CLANG_WARN_RANGE_LOOP_ANALYSIS = YES;
				CLANG_WARN_STRICT_PROTOTYPES = YES;
				CLANG_WARN_SUSPICIOUS_MOVE = YES;
				CLANG_WARN_UNGUARDED_AVAILABILITY = YES_AGGRESSIVE;
				CLANG_WARN_UNREACHABLE_CODE = YES;
				CLANG_WARN__DUPLICATE_METHOD_MATCH = YES;
				COPY_PHASE_STRIP = NO;
				DEBUG_INFORMATION_FORMAT = "dwarf-with-dsym";
				DEVELOPMENT_TEAM = 2H9WQTH3XU;
				ENABLE_NS_ASSERTIONS = NO;
				ENABLE_STRICT_OBJC_MSGSEND = YES;
				ENABLE_USER_SCRIPT_SANDBOXING = YES;
				GCC_C_LANGUAGE_STANDARD = gnu17;
				GCC_NO_COMMON_BLOCKS = YES;
				GCC_WARN_64_TO_32_BIT_CONVERSION = YES;
				GCC_WARN_ABOUT_RETURN_TYPE = YES_ERROR;
				GCC_WARN_UNDECLARED_SELECTOR = YES;
				GCC_WARN_UNINITIALIZED_AUTOS = YES_AGGRESSIVE;
				GCC_WARN_UNUSED_FUNCTION = YES;
				GCC_WARN_UNUSED_VARIABLE = YES;
				IPHONEOS_DEPLOYMENT_TARGET = 18.5;
				LOCALIZATION_PREFERS_STRING_CATALOGS = YES;
				MTL_ENABLE_DEBUG_INFO = NO;
				MTL_FAST_MATH = YES;
				SDKROOT = iphoneos;
				SWIFT_COMPILATION_MODE = wholemodule;
				VALIDATE_PRODUCT = YES;
			};
			name = Release;
		};
		A6594A2F2E2E391200229A73 /* Debug */ = {
			isa = XCBuildConfiguration;
			baseConfigurationReference = F0476F007595CCC5649A319C /* Pods-EmojiMaze.debug.xcconfig */;
			buildSettings = {
				ASSETCATALOG_COMPILER_APPICON_NAME = AppIcon;
				ASSETCATALOG_COMPILER_GLOBAL_ACCENT_COLOR_NAME = AccentColor;
				CODE_SIGN_ENTITLEMENTS = EmojiMaze/EmojiMaze.entitlements;
				CODE_SIGN_STYLE = Automatic;
				CURRENT_PROJECT_VERSION = 1;
				DEVELOPMENT_TEAM = "";
				ENABLE_PREVIEWS = YES;
				GENERATE_INFOPLIST_FILE = YES;
				INFOPLIST_FILE = EmojiMaze/Info.plist;
				INFOPLIST_KEY_CFBundleDisplayName = "SmileyMaze Dash";
				INFOPLIST_KEY_UIApplicationSupportsIndirectInputEvents = YES;
				INFOPLIST_KEY_UILaunchScreen_Generation = YES;
				INFOPLIST_KEY_UISupportedInterfaceOrientations = UIInterfaceOrientationPortrait;
				INFOPLIST_KEY_UISupportedInterfaceOrientations_iPad = "UIInterfaceOrientationLandscapeLeft UIInterfaceOrientationLandscapeRight UIInterfaceOrientationPortrait UIInterfaceOrientationPortraitUpsideDown";
				LD_RUNPATH_SEARCH_PATHS = (
					"$(inherited)",
					"@executable_path/Frameworks",
				);
				MARKETING_VERSION = 1.0;
				PRODUCT_BUNDLE_IDENTIFIER = com.sarbenqwtolimp.qscc;
				PRODUCT_NAME = "$(TARGET_NAME)";
				SUPPORTED_PLATFORMS = "iphoneos iphonesimulator";
				SUPPORTS_MACCATALYST = NO;
				SUPPORTS_MAC_DESIGNED_FOR_IPHONE_IPAD = NO;
				SUPPORTS_XR_DESIGNED_FOR_IPHONE_IPAD = NO;
				SWIFT_EMIT_LOC_STRINGS = YES;
				SWIFT_VERSION = 5.0;
				TARGETED_DEVICE_FAMILY = 1;
			};
			name = Debug;
		};
		A6594A302E2E391200229A73 /* Release */ = {
			isa = XCBuildConfiguration;
			baseConfigurationReference = FC537DCE1F5B9B44D87F4A96 /* Pods-EmojiMaze.release.xcconfig */;
			buildSettings = {
				ASSETCATALOG_COMPILER_APPICON_NAME = AppIcon;
				ASSETCATALOG_COMPILER_GLOBAL_ACCENT_COLOR_NAME = AccentColor;
				CODE_SIGN_ENTITLEMENTS = EmojiMaze/EmojiMaze.entitlements;
				CODE_SIGN_STYLE = Automatic;
				CURRENT_PROJECT_VERSION = 1;
				DEVELOPMENT_TEAM = "";
				ENABLE_PREVIEWS = YES;
				GENERATE_INFOPLIST_FILE = YES;
				INFOPLIST_FILE = EmojiMaze/Info.plist;
				INFOPLIST_KEY_CFBundleDisplayName = "SmileyMaze Dash";
				INFOPLIST_KEY_UIApplicationSupportsIndirectInputEvents = YES;
				INFOPLIST_KEY_UILaunchScreen_Generation = YES;
				INFOPLIST_KEY_UISupportedInterfaceOrientations = UIInterfaceOrientationPortrait;
				INFOPLIST_KEY_UISupportedInterfaceOrientations_iPad = "UIInterfaceOrientationLandscapeLeft UIInterfaceOrientationLandscapeRight UIInterfaceOrientationPortrait UIInterfaceOrientationPortraitUpsideDown";
				LD_RUNPATH_SEARCH_PATHS = (
					"$(inherited)",
					"@executable_path/Frameworks",
				);
				MARKETING_VERSION = 1.0;
				PRODUCT_BUNDLE_IDENTIFIER = com.sarbenqwtolimp.qscc;
				PRODUCT_NAME = "$(TARGET_NAME)";
				SUPPORTED_PLATFORMS = "iphoneos iphonesimulator";
				SUPPORTS_MACCATALYST = NO;
				SUPPORTS_MAC_DESIGNED_FOR_IPHONE_IPAD = NO;
				SUPPORTS_XR_DESIGNED_FOR_IPHONE_IPAD = NO;
				SWIFT_EMIT_LOC_STRINGS = YES;
				SWIFT_VERSION = 5.0;
				TARGETED_DEVICE_FAMILY = 1;
			};
			name = Release;
		};
		A6594B362E2E427800229A73 /* Debug */ = {
			isa = XCBuildConfiguration;
			buildSettings = {
				CODE_SIGN_STYLE = Automatic;
				CURRENT_PROJECT_VERSION = 1;
				DEVELOPMENT_TEAM = "";
				GENERATE_INFOPLIST_FILE = YES;
				INFOPLIST_FILE = OneSignalNotificationServiceExtension/Info.plist;
				INFOPLIST_KEY_CFBundleDisplayName = OneSignalNotificationServiceExtension;
				INFOPLIST_KEY_NSHumanReadableCopyright = "";
				LD_RUNPATH_SEARCH_PATHS = (
					"$(inherited)",
					"@executable_path/Frameworks",
					"@executable_path/../../Frameworks",
				);
				MARKETING_VERSION = 1.0;
				PRODUCT_BUNDLE_IDENTIFIER = com.sarbenqwtolimp.qscc.OneSignalNotificationServiceExtension;
				PRODUCT_NAME = "$(TARGET_NAME)";
				SKIP_INSTALL = YES;
				SWIFT_EMIT_LOC_STRINGS = YES;
				SWIFT_VERSION = 5.0;
				TARGETED_DEVICE_FAMILY = "1,2";
			};
			name = Debug;
		};
		A6594B372E2E427800229A73 /* Release */ = {
			isa = XCBuildConfiguration;
			buildSettings = {
				CODE_SIGN_STYLE = Automatic;
				CURRENT_PROJECT_VERSION = 1;
				DEVELOPMENT_TEAM = "";
				GENERATE_INFOPLIST_FILE = YES;
				INFOPLIST_FILE = OneSignalNotificationServiceExtension/Info.plist;
				INFOPLIST_KEY_CFBundleDisplayName = OneSignalNotificationServiceExtension;
				INFOPLIST_KEY_NSHumanReadableCopyright = "";
				LD_RUNPATH_SEARCH_PATHS = (
					"$(inherited)",
					"@executable_path/Frameworks",
					"@executable_path/../../Frameworks",
				);
				MARKETING_VERSION = 1.0;
				PRODUCT_BUNDLE_IDENTIFIER = com.sarbenqwtolimp.qscc.OneSignalNotificationServiceExtension;
				PRODUCT_NAME = "$(TARGET_NAME)";
				SKIP_INSTALL = YES;
				SWIFT_EMIT_LOC_STRINGS = YES;
				SWIFT_VERSION = 5.0;
				TARGETED_DEVICE_FAMILY = "1,2";
			};
			name = Release;
		};
/* End XCBuildConfiguration section */

/* Begin XCConfigurationList section */
		A6594A1E2E2E391000229A73 /* Build configuration list for PBXProject "EmojiMaze" */ = {
			isa = XCConfigurationList;
			buildConfigurations = (
				A6594A2C2E2E391200229A73 /* Debug */,
				A6594A2D2E2E391200229A73 /* Release */,
			);
			defaultConfigurationIsVisible = 0;
			defaultConfigurationName = Release;
		};
		A6594A2E2E2E391200229A73 /* Build configuration list for PBXNativeTarget "EmojiMaze" */ = {
			isa = XCConfigurationList;
			buildConfigurations = (
				A6594A2F2E2E391200229A73 /* Debug */,
				A6594A302E2E391200229A73 /* Release */,
			);
			defaultConfigurationIsVisible = 0;
			defaultConfigurationName = Release;
		};
		A6594B352E2E427800229A73 /* Build configuration list for PBXNativeTarget "OneSignalNotificationServiceExtension" */ = {
			isa = XCConfigurationList;
			buildConfigurations = (
				A6594B362E2E427800229A73 /* Debug */,
				A6594B372E2E427800229A73 /* Release */,
			);
			defaultConfigurationIsVisible = 0;
			defaultConfigurationName = Release;
		};
/* End XCConfigurationList section */

/* Begin XCRemoteSwiftPackageReference section */
		A6594B3F2E2E42AA00229A73 /* XCRemoteSwiftPackageReference "OneSignal-iOS-SDK" */ = {
			isa = XCRemoteSwiftPackageReference;
			repositoryURL = "https://github.com/OneSignal/OneSignal-iOS-SDK";
			requirement = {
				kind = exactVersion;
				version = 5.2.10;
			};
		};
		A6594B462E2E42C200229A73 /* XCRemoteSwiftPackageReference "appmetrica-sdk-ios" */ = {
			isa = XCRemoteSwiftPackageReference;
			repositoryURL = "https://github.com/appmetrica/appmetrica-sdk-ios";
			requirement = {
				kind = upToNextMajorVersion;
				minimumVersion = 5.11.2;
			};
		};
/* End XCRemoteSwiftPackageReference section */

/* Begin XCSwiftPackageProductDependency section */
		A6594B402E2E42AA00229A73 /* OneSignalExtension */ = {
			isa = XCSwiftPackageProductDependency;
			package = A6594B3F2E2E42AA00229A73 /* XCRemoteSwiftPackageReference "OneSignal-iOS-SDK" */;
			productName = OneSignalExtension;
		};
		A6594B422E2E42AA00229A73 /* OneSignalFramework */ = {
			isa = XCSwiftPackageProductDependency;
			package = A6594B3F2E2E42AA00229A73 /* XCRemoteSwiftPackageReference "OneSignal-iOS-SDK" */;
			productName = OneSignalFramework;
		};
		A6594B442E2E42AA00229A73 /* OneSignalInAppMessages */ = {
			isa = XCSwiftPackageProductDependency;
			package = A6594B3F2E2E42AA00229A73 /* XCRemoteSwiftPackageReference "OneSignal-iOS-SDK" */;
			productName = OneSignalInAppMessages;
		};
		A6594B472E2E42C200229A73 /* AppMetricaAdSupport */ = {
			isa = XCSwiftPackageProductDependency;
			package = A6594B462E2E42C200229A73 /* XCRemoteSwiftPackageReference "appmetrica-sdk-ios" */;
			productName = AppMetricaAdSupport;
		};
		A6594B492E2E42C300229A73 /* AppMetricaCore */ = {
			isa = XCSwiftPackageProductDependency;
			package = A6594B462E2E42C200229A73 /* XCRemoteSwiftPackageReference "appmetrica-sdk-ios" */;
			productName = AppMetricaCore;
		};
		A6594B4B2E2E42C300229A73 /* AppMetricaCrashes */ = {
			isa = XCSwiftPackageProductDependency;
			package = A6594B462E2E42C200229A73 /* XCRemoteSwiftPackageReference "appmetrica-sdk-ios" */;
			productName = AppMetricaCrashes;
		};
		A6594B4D2E2E42C300229A73 /* AppMetricaLibraryAdapter */ = {
			isa = XCSwiftPackageProductDependency;
			package = A6594B462E2E42C200229A73 /* XCRemoteSwiftPackageReference "appmetrica-sdk-ios" */;
			productName = AppMetricaLibraryAdapter;
		};
		A6594B4F2E2E42C300229A73 /* AppMetricaScreenshot */ = {
			isa = XCSwiftPackageProductDependency;
			package = A6594B462E2E42C200229A73 /* XCRemoteSwiftPackageReference "appmetrica-sdk-ios" */;
			productName = AppMetricaScreenshot;
		};
/* End XCSwiftPackageProductDependency section */
	};
	rootObject = A6594A1B2E2E391000229A73 /* Project object */;
}
